
Microsoft Visual Studio Solution File, Format Version 12.00
# Visual Studio Version 16
VisualStudioVersion = 25.0.1700.4
MinimumVisualStudioVersion = 10.0.40219.1
Project("{FAE04EC0-301F-11D3-BF4B-00C04F79EFBC}") = "StaticExercise", "StaticExercise\StaticExercise.csproj", "{31F69E57-3418-44B2-A2FA-DC6965A13C4E}"
EndProject
Global
	GlobalSection(SolutionConfigurationPlatforms) = preSolution
		Debug|Any CPU = Debug|Any CPU
		Release|Any CPU = Release|Any CPU
	EndGlobalSection
	GlobalSection(ProjectConfigurationPlatforms) = postSolution
		{31F69E57-3418-44B2-A2FA-DC6965A13C4E}.Debug|Any CPU.ActiveCfg = Debug|Any CPU
		{31F69E57-3418-44B2-A2FA-DC6965A13C4E}.Debug|Any CPU.Build.0 = Debug|Any CPU
		{31F69E57-3418-44B2-A2FA-DC6965A13C4E}.Release|Any CPU.ActiveCfg = Release|Any CPU
		{31F69E57-3418-44B2-A2FA-DC6965A13C4E}.Release|Any CPU.Build.0 = Release|Any CPU
	EndGlobalSection
	GlobalSection(SolutionProperties) = preSolution
		HideSolutionNode = FALSE
	EndGlobalSection
	GlobalSection(ExtensibilityGlobals) = postSolution
		SolutionGuid = {EF176909-148C-49F6-B6B0-B3F8037D0AE7}
	EndGlobalSection
EndGlobal
